// !$*UTF8*$!
{
	archiveVersion = 1;
	classes = {
	};
	objectVersion = 50;
	objects = {

/* Begin PBXBuildFile section */
		7326BC2525B0B3C000229E66 /* AppDelegate.swift in Sources */ = {isa = PBXBuildFile; fileRef = 7326BC2425B0B3C000229E66 /* AppDelegate.swift */; };
		7326BC2725B0B3C000229E66 /* SceneDelegate.swift in Sources */ = {isa = PBXBuildFile; fileRef = 7326BC2625B0B3C000229E66 /* SceneDelegate.swift */; };
		7326BC2E25B0B3C200229E66 /* Assets.xcassets in Resources */ = {isa = PBXBuildFile; fileRef = 7326BC2D25B0B3C200229E66 /* Assets.xcassets */; };
		7326BC3125B0B3C200229E66 /* LaunchScreen.storyboard in Resources */ = {isa = PBXBuildFile; fileRef = 7326BC2F25B0B3C200229E66 /* LaunchScreen.storyboard */; };
		7326BC3C25B0B3C200229E66 /* FlickrSearchTests.swift in Sources */ = {isa = PBXBuildFile; fileRef = 7326BC3B25B0B3C200229E66 /* FlickrSearchTests.swift */; };
		7326BC4725B0B3C200229E66 /* FlickrSearchUITests.swift in Sources */ = {isa = PBXBuildFile; fileRef = 7326BC4625B0B3C200229E66 /* FlickrSearchUITests.swift */; };
/* End PBXBuildFile section */

/* Begin PBXContainerItemProxy section */
		7326BC3825B0B3C200229E66 /* PBXContainerItemProxy */ = {
			isa = PBXContainerItemProxy;
			containerPortal = 7326BC1925B0B3C000229E66 /* Project object */;
			proxyType = 1;
			remoteGlobalIDString = 7326BC2025B0B3C000229E66;
			remoteInfo = FlickrSearch;
		};
		7326BC4325B0B3C200229E66 /* PBXContainerItemProxy */ = {
			isa = PBXContainerItemProxy;
			containerPortal = 7326BC1925B0B3C000229E66 /* Project object */;
			proxyType = 1;
			remoteGlobalIDString = 7326BC2025B0B3C000229E66;
			remoteInfo = FlickrSearch;
		};
/* End PBXContainerItemProxy section */

/* Begin PBXFileReference section */
		7326BC2125B0B3C000229E66 /* FlickrSearch.app */ = {isa = PBXFileReference; explicitFileType = wrapper.application; includeInIndex = 0; path = FlickrSearch.app; sourceTree = BUILT_PRODUCTS_DIR; };
		7326BC2425B0B3C000229E66 /* AppDelegate.swift */ = {isa = PBXFileReference; lastKnownFileType = sourcecode.swift; path = AppDelegate.swift; sourceTree = "<group>"; };
		7326BC2625B0B3C000229E66 /* SceneDelegate.swift */ = {isa = PBXFileReference; lastKnownFileType = sourcecode.swift; path = SceneDelegate.swift; sourceTree = "<group>"; };
		7326BC2D25B0B3C200229E66 /* Assets.xcassets */ = {isa = PBXFileReference; lastKnownFileType = folder.assetcatalog; path = Assets.xcassets; sourceTree = "<group>"; };
		7326BC3025B0B3C200229E66 /* Base */ = {isa = PBXFileReference; lastKnownFileType = file.storyboard; name = Base; path = Base.lproj/LaunchScreen.storyboard; sourceTree = "<group>"; };
		7326BC3225B0B3C200229E66 /* Info.plist */ = {isa = PBXFileReference; lastKnownFileType = text.plist.xml; path = Info.plist; sourceTree = "<group>"; };
		7326BC3725B0B3C200229E66 /* FlickrSearchTests.xctest */ = {isa = PBXFileReference; explicitFileType = wrapper.cfbundle; includeInIndex = 0; path = FlickrSearchTests.xctest; sourceTree = BUILT_PRODUCTS_DIR; };
		7326BC3B25B0B3C200229E66 /* FlickrSearchTests.swift */ = {isa = PBXFileReference; lastKnownFileType = sourcecode.swift; path = FlickrSearchTests.swift; sourceTree = "<group>"; };
		7326BC3D25B0B3C200229E66 /* Info.plist */ = {isa = PBXFileReference; lastKnownFileType = text.plist.xml; path = Info.plist; sourceTree = "<group>"; };
		7326BC4225B0B3C200229E66 /* FlickrSearchUITests.xctest */ = {isa = PBXFileReference; explicitFileType = wrapper.cfbundle; includeInIndex = 0; path = FlickrSearchUITests.xctest; sourceTree = BUILT_PRODUCTS_DIR; };
		7326BC4625B0B3C200229E66 /* FlickrSearchUITests.swift */ = {isa = PBXFileReference; lastKnownFileType = sourcecode.swift; path = FlickrSearchUITests.swift; sourceTree = "<group>"; };
		7326BC4825B0B3C200229E66 /* Info.plist */ = {isa = PBXFileReference; lastKnownFileType = text.plist.xml; path = Info.plist; sourceTree = "<group>"; };
/* End PBXFileReference section */

/* Begin PBXFrameworksBuildPhase section */
		7326BC1E25B0B3C000229E66 /* Frameworks */ = {
			isa = PBXFrameworksBuildPhase;
			buildActionMask = 2147483647;
			files = (
			);
			runOnlyForDeploymentPostprocessing = 0;
		};
		7326BC3425B0B3C200229E66 /* Frameworks */ = {
			isa = PBXFrameworksBuildPhase;
			buildActionMask = 2147483647;
			files = (
			);
			runOnlyForDeploymentPostprocessing = 0;
		};
		7326BC3F25B0B3C200229E66 /* Frameworks */ = {
			isa = PBXFrameworksBuildPhase;
			buildActionMask = 2147483647;
			files = (
			);
			runOnlyForDeploymentPostprocessing = 0;
		};
/* End PBXFrameworksBuildPhase section */

/* Begin PBXGroup section */
		7326BC1825B0B3C000229E66 = {
			isa = PBXGroup;
			children = (
				7326BC2325B0B3C000229E66 /* FlickrSearch */,
				7326BC3A25B0B3C200229E66 /* FlickrSearchTests */,
				7326BC4525B0B3C200229E66 /* FlickrSearchUITests */,
				7326BC2225B0B3C000229E66 /* Products */,
			);
			sourceTree = "<group>";
		};
		7326BC2225B0B3C000229E66 /* Products */ = {
			isa = PBXGroup;
			children = (
				7326BC2125B0B3C000229E66 /* FlickrSearch.app */,
				7326BC3725B0B3C200229E66 /* FlickrSearchTests.xctest */,
				7326BC4225B0B3C200229E66 /* FlickrSearchUITests.xctest */,
			);
			name = Products;
			sourceTree = "<group>";
		};
		7326BC2325B0B3C000229E66 /* FlickrSearch */ = {
			isa = PBXGroup;
			children = (
				7326BC2425B0B3C000229E66 /* AppDelegate.swift */,
				7326BC2625B0B3C000229E66 /* SceneDelegate.swift */,
				7326BC2D25B0B3C200229E66 /* Assets.xcassets */,
				7326BC2F25B0B3C200229E66 /* LaunchScreen.storyboard */,
				7326BC3225B0B3C200229E66 /* Info.plist */,
			);
			path = FlickrSearch;
			sourceTree = "<group>";
		};
		7326BC3A25B0B3C200229E66 /* FlickrSearchTests */ = {
			isa = PBXGroup;
			children = (
				7326BC3B25B0B3C200229E66 /* FlickrSearchTests.swift */,
				7326BC3D25B0B3C200229E66 /* Info.plist */,
			);
			path = FlickrSearchTests;
			sourceTree = "<group>";
		};
		7326BC4525B0B3C200229E66 /* FlickrSearchUITests */ = {
			isa = PBXGroup;
			children = (
				7326BC4625B0B3C200229E66 /* FlickrSearchUITests.swift */,
				7326BC4825B0B3C200229E66 /* Info.plist */,
			);
			path = FlickrSearchUITests;
			sourceTree = "<group>";
		};
/* End PBXGroup section */

/* Begin PBXNativeTarget section */
		7326BC2025B0B3C000229E66 /* FlickrSearch */ = {
			isa = PBXNativeTarget;
			buildConfigurationList = 7326BC4B25B0B3C200229E66 /* Build configuration list for PBXNativeTarget "FlickrSearch" */;
			buildPhases = (
				7326BC1D25B0B3C000229E66 /* Sources */,
				7326BC1E25B0B3C000229E66 /* Frameworks */,
				7326BC1F25B0B3C000229E66 /* Resources */,
			);
			buildRules = (
			);
			dependencies = (
			);
			name = FlickrSearch;
			productName = FlickrSearch;
			productReference = 7326BC2125B0B3C000229E66 /* FlickrSearch.app */;
			productType = "com.apple.product-type.application";
		};
		7326BC3625B0B3C200229E66 /* FlickrSearchTests */ = {
			isa = PBXNativeTarget;
			buildConfigurationList = 7326BC4E25B0B3C200229E66 /* Build configuration list for PBXNativeTarget "FlickrSearchTests" */;
			buildPhases = (
				7326BC3325B0B3C200229E66 /* Sources */,
				7326BC3425B0B3C200229E66 /* Frameworks */,
				7326BC3525B0B3C200229E66 /* Resources */,
			);
			buildRules = (
			);
			dependencies = (
				7326BC3925B0B3C200229E66 /* PBXTargetDependency */,
			);
			name = FlickrSearchTests;
			productName = FlickrSearchTests;
			productReference = 7326BC3725B0B3C200229E66 /* FlickrSearchTests.xctest */;
			productType = "com.apple.product-type.bundle.unit-test";
		};
		7326BC4125B0B3C200229E66 /* FlickrSearchUITests */ = {
			isa = PBXNativeTarget;
			buildConfigurationList = 7326BC5125B0B3C200229E66 /* Build configuration list for PBXNativeTarget "FlickrSearchUITests" */;
			buildPhases = (
				7326BC3E25B0B3C200229E66 /* Sources */,
				7326BC3F25B0B3C200229E66 /* Frameworks */,
				7326BC4025B0B3C200229E66 /* Resources */,
			);
			buildRules = (
			);
			dependencies = (
				7326BC4425B0B3C200229E66 /* PBXTargetDependency */,
			);
			name = FlickrSearchUITests;
			productName = FlickrSearchUITests;
			productReference = 7326BC4225B0B3C200229E66 /* FlickrSearchUITests.xctest */;
			productType = "com.apple.product-type.bundle.ui-testing";
		};
/* End PBXNativeTarget section */

/* Begin PBXProject section */
		7326BC1925B0B3C000229E66 /* Project object */ = {
			isa = PBXProject;
			attributes = {
				LastSwiftUpdateCheck = 1230;
				LastUpgradeCheck = 1230;
				TargetAttributes = {
					7326BC2025B0B3C000229E66 = {
						CreatedOnToolsVersion = 12.3;
					};
					7326BC3625B0B3C200229E66 = {
						CreatedOnToolsVersion = 12.3;
						TestTargetID = 7326BC2025B0B3C000229E66;
					};
					7326BC4125B0B3C200229E66 = {
						CreatedOnToolsVersion = 12.3;
						TestTargetID = 7326BC2025B0B3C000229E66;
					};
				};
			};
			buildConfigurationList = 7326BC1C25B0B3C000229E66 /* Build configuration list for PBXProject "FlickrSearch" */;
			compatibilityVersion = "Xcode 9.3";
			developmentRegion = en;
			hasScannedForEncodings = 0;
			knownRegions = (
				en,
				Base,
			);
			mainGroup = 7326BC1825B0B3C000229E66;
			productRefGroup = 7326BC2225B0B3C000229E66 /* Products */;
			projectDirPath = "";
			projectRoot = "";
			targets = (
				7326BC2025B0B3C000229E66 /* FlickrSearch */,
				7326BC3625B0B3C200229E66 /* FlickrSearchTests */,
				7326BC4125B0B3C200229E66 /* FlickrSearchUITests */,
			);
		};
/* End PBXProject section */

/* Begin PBXResourcesBuildPhase section */
		7326BC1F25B0B3C000229E66 /* Resources */ = {
			isa = PBXResourcesBuildPhase;
			buildActionMask = 2147483647;
			files = (
				7326BC3125B0B3C200229E66 /* LaunchScreen.storyboard in Resources */,
				7326BC2E25B0B3C200229E66 /* Assets.xcassets in Resources */,
			);
			runOnlyForDeploymentPostprocessing = 0;
		};
		7326BC3525B0B3C200229E66 /* Resources */ = {
			isa = PBXResourcesBuildPhase;
			buildActionMask = 2147483647;
			files = (
			);
			runOnlyForDeploymentPostprocessing = 0;
		};
		7326BC4025B0B3C200229E66 /* Resources */ = {
			isa = PBXResourcesBuildPhase;
			buildActionMask = 2147483647;
			files = (
			);
			runOnlyForDeploymentPostprocessing = 0;
		};
/* End PBXResourcesBuildPhase section */

/* Begin PBXSourcesBuildPhase section */
		7326BC1D25B0B3C000229E66 /* Sources */ = {
			isa = PBXSourcesBuildPhase;
			buildActionMask = 2147483647;
			files = (
				7326BC2525B0B3C000229E66 /* AppDelegate.swift in Sources */,
				7326BC2725B0B3C000229E66 /* SceneDelegate.swift in Sources */,
			);
			runOnlyForDeploymentPostprocessing = 0;
		};
		7326BC3325B0B3C200229E66 /* Sources */ = {
			isa = PBXSourcesBuildPhase;
			buildActionMask = 2147483647;
			files = (
				7326BC3C25B0B3C200229E66 /* FlickrSearchTests.swift in Sources */,
			);
			runOnlyForDeploymentPostprocessing = 0;
		};
		7326BC3E25B0B3C200229E66 /* Sources */ = {
			isa = PBXSourcesBuildPhase;
			buildActionMask = 2147483647;
			files = (
				7326BC4725B0B3C200229E66 /* FlickrSearchUITests.swift in Sources */,
			);
			runOnlyForDeploymentPostprocessing = 0;
		};
/* End PBXSourcesBuildPhase section */

/* Begin PBXTargetDependency section */
		7326BC3925B0B3C200229E66 /* PBXTargetDependency */ = {
			isa = PBXTargetDependency;
			target = 7326BC2025B0B3C000229E66 /* FlickrSearch */;
			targetProxy = 7326BC3825B0B3C200229E66 /* PBXContainerItemProxy */;
		};
		7326BC4425B0B3C200229E66 /* PBXTargetDependency */ = {
			isa = PBXTargetDependency;
			target = 7326BC2025B0B3C000229E66 /* FlickrSearch */;
			targetProxy = 7326BC4325B0B3C200229E66 /* PBXContainerItemProxy */;
		};
/* End PBXTargetDependency section */

/* Begin PBXVariantGroup section */
		7326BC2F25B0B3C200229E66 /* LaunchScreen.storyboard */ = {
			isa = PBXVariantGroup;
			children = (
				7326BC3025B0B3C200229E66 /* Base */,
			);
			name = LaunchScreen.storyboard;
			sourceTree = "<group>";
		};
/* End PBXVariantGroup section */

/* Begin XCBuildConfiguration section */
		7326BC4925B0B3C200229E66 /* Debug */ = {
			isa = XCBuildConfiguration;
			buildSettings = {
				ALWAYS_SEARCH_USER_PATHS = NO;
				CLANG_ANALYZER_NONNULL = YES;
				CLANG_ANALYZER_NUMBER_OBJECT_CONVERSION = YES_AGGRESSIVE;
				CLANG_CXX_LANGUAGE_STANDARD = "gnu++14";
				CLANG_CXX_LIBRARY = "libc++";
				CLANG_ENABLE_MODULES = YES;
				CLANG_ENABLE_OBJC_ARC = YES;
				CLANG_ENABLE_OBJC_WEAK = YES;
				CLANG_WARN_BLOCK_CAPTURE_AUTORELEASING = YES;
				CLANG_WARN_BOOL_CONVERSION = YES;
				CLANG_WARN_COMMA = YES;
				CLANG_WARN_CONSTANT_CONVERSION = YES;
				CLANG_WARN_DEPRECATED_OBJC_IMPLEMENTATIONS = YES;
				CLANG_WARN_DIRECT_OBJC_ISA_USAGE = YES_ERROR;
				CLANG_WARN_DOCUMENTATION_COMMENTS = YES;
				CLANG_WARN_EMPTY_BODY = YES;
				CLANG_WARN_ENUM_CONVERSION = YES;
				CLANG_WARN_INFINITE_RECURSION = YES;
				CLANG_WARN_INT_CONVERSION = YES;
				CLANG_WARN_NON_LITERAL_NULL_CONVERSION = YES;
				CLANG_WARN_OBJC_IMPLICIT_RETAIN_SELF = YES;
				CLANG_WARN_OBJC_LITERAL_CONVERSION = YES;
				CLANG_WARN_OBJC_ROOT_CLASS = YES_ERROR;
				CLANG_WARN_QUOTED_INCLUDE_IN_FRAMEWORK_HEADER = YES;
				CLANG_WARN_RANGE_LOOP_ANALYSIS = YES;
				CLANG_WARN_STRICT_PROTOTYPES = YES;
				CLANG_WARN_SUSPICIOUS_MOVE = YES;
				CLANG_WARN_UNGUARDED_AVAILABILITY = YES_AGGRESSIVE;
				CLANG_WARN_UNREACHABLE_CODE = YES;
				CLANG_WARN__DUPLICATE_METHOD_MATCH = YES;
				COPY_PHASE_STRIP = NO;
				DEBUG_INFORMATION_FORMAT = dwarf;
				ENABLE_STRICT_OBJC_MSGSEND = YES;
				ENABLE_TESTABILITY = YES;
				GCC_C_LANGUAGE_STANDARD = gnu11;
				GCC_DYNAMIC_NO_PIC = NO;
				GCC_NO_COMMON_BLOCKS = YES;
				GCC_OPTIMIZATION_LEVEL = 0;
				GCC_PREPROCESSOR_DEFINITIONS = (
					"DEBUG=1",
					"$(inherited)",
				);
				GCC_WARN_64_TO_32_BIT_CONVERSION = YES;
				GCC_WARN_ABOUT_RETURN_TYPE = YES_ERROR;
				GCC_WARN_UNDECLARED_SELECTOR = YES;
				GCC_WARN_UNINITIALIZED_AUTOS = YES_AGGRESSIVE;
				GCC_WARN_UNUSED_FUNCTION = YES;
				GCC_WARN_UNUSED_VARIABLE = YES;
				IPHONEOS_DEPLOYMENT_TARGET = 14.3;
				MTL_ENABLE_DEBUG_INFO = INCLUDE_SOURCE;
				MTL_FAST_MATH = YES;
				ONLY_ACTIVE_ARCH = YES;
				SDKROOT = iphoneos;
				SWIFT_ACTIVE_COMPILATION_CONDITIONS = DEBUG;
				SWIFT_OPTIMIZATION_LEVEL = "-Onone";
			};
			name = Debug;
		};
		7326BC4A25B0B3C200229E66 /* Release */ = {
			isa = XCBuildConfiguration;
			buildSettings = {
				ALWAYS_SEARCH_USER_PATHS = NO;
				CLANG_ANALYZER_NONNULL = YES;
				CLANG_ANALYZER_NUMBER_OBJECT_CONVERSION = YES_AGGRESSIVE;
				CLANG_CXX_LANGUAGE_STANDARD = "gnu++14";
				CLANG_CXX_LIBRARY = "libc++";
				CLANG_ENABLE_MODULES = YES;
				CLANG_ENABLE_OBJC_ARC = YES;
				CLANG_ENABLE_OBJC_WEAK = YES;
				CLANG_WARN_BLOCK_CAPTURE_AUTORELEASING = YES;
				CLANG_WARN_BOOL_CONVERSION = YES;
				CLANG_WARN_COMMA = YES;
				CLANG_WARN_CONSTANT_CONVERSION = YES;
				CLANG_WARN_DEPRECATED_OBJC_IMPLEMENTATIONS = YES;
				CLANG_WARN_DIRECT_OBJC_ISA_USAGE = YES_ERROR;
				CLANG_WARN_DOCUMENTATION_COMMENTS = YES;
				CLANG_WARN_EMPTY_BODY = YES;
				CLANG_WARN_ENUM_CONVERSION = YES;
				CLANG_WARN_INFINITE_RECURSION = YES;
				CLANG_WARN_INT_CONVERSION = YES;
				CLANG_WARN_NON_LITERAL_NULL_CONVERSION = YES;
				CLANG_WARN_OBJC_IMPLICIT_RETAIN_SELF = YES;
				CLANG_WARN_OBJC_LITERAL_CONVERSION = YES;
				CLANG_WARN_OBJC_ROOT_CLASS = YES_ERROR;
				CLANG_WARN_QUOTED_INCLUDE_IN_FRAMEWORK_HEADER = YES;
				CLANG_WARN_RANGE_LOOP_ANALYSIS = YES;
				CLANG_WARN_STRICT_PROTOTYPES = YES;
				CLANG_WARN_SUSPICIOUS_MOVE = YES;
				CLANG_WARN_UNGUARDED_AVAILABILITY = YES_AGGRESSIVE;
				CLANG_WARN_UNREACHABLE_CODE = YES;
				CLANG_WARN__DUPLICATE_METHOD_MATCH = YES;
				COPY_PHASE_STRIP = NO;
				DEBUG_INFORMATION_FORMAT = "dwarf-with-dsym";
				ENABLE_NS_ASSERTIONS = NO;
				ENABLE_STRICT_OBJC_MSGSEND = YES;
				GCC_C_LANGUAGE_STANDARD = gnu11;
				GCC_NO_COMMON_BLOCKS = YES;
				GCC_WARN_64_TO_32_BIT_CONVERSION = YES;
				GCC_WARN_ABOUT_RETURN_TYPE = YES_ERROR;
				GCC_WARN_UNDECLARED_SELECTOR = YES;
				GCC_WARN_UNINITIALIZED_AUTOS = YES_AGGRESSIVE;
				GCC_WARN_UNUSED_FUNCTION = YES;
				GCC_WARN_UNUSED_VARIABLE = YES;
				IPHONEOS_DEPLOYMENT_TARGET = 14.3;
				MTL_ENABLE_DEBUG_INFO = NO;
				MTL_FAST_MATH = YES;
				SDKROOT = iphoneos;
				SWIFT_COMPILATION_MODE = wholemodule;
				SWIFT_OPTIMIZATION_LEVEL = "-O";
				VALIDATE_PRODUCT = YES;
			};
			name = Release;
		};
		7326BC4C25B0B3C200229E66 /* Debug */ = {
			isa = XCBuildConfiguration;
			buildSettings = {
				ASSETCATALOG_COMPILER_APPICON_NAME = AppIcon;
				ASSETCATALOG_COMPILER_GLOBAL_ACCENT_COLOR_NAME = AccentColor;
				CODE_SIGN_STYLE = Automatic;
				DEVELOPMENT_TEAM = 9F26XL4W94;
				INFOPLIST_FILE = FlickrSearch/Info.plist;
				LD_RUNPATH_SEARCH_PATHS = (
					"$(inherited)",
					"@executable_path/Frameworks",
				);
				PRODUCT_BUNDLE_IDENTIFIER = com.villou.FlickrSearch;
				PRODUCT_NAME = "$(TARGET_NAME)";
				SWIFT_VERSION = 5.0;
				TARGETED_DEVICE_FAMILY = "1,2";
			};
			name = Debug;
		};
		7326BC4D25B0B3C200229E66 /* Release */ = {
			isa = XCBuildConfiguration;
			buildSettings = {
				ASSETCATALOG_COMPILER_APPICON_NAME = AppIcon;
				ASSETCATALOG_COMPILER_GLOBAL_ACCENT_COLOR_NAME = AccentColor;
				CODE_SIGN_STYLE = Automatic;
				DEVELOPMENT_TEAM = 9F26XL4W94;
				INFOPLIST_FILE = FlickrSearch/Info.plist;
				LD_RUNPATH_SEARCH_PATHS = (
					"$(inherited)",
					"@executable_path/Frameworks",
				);
				PRODUCT_BUNDLE_IDENTIFIER = com.villou.FlickrSearch;
				PRODUCT_NAME = "$(TARGET_NAME)";
				SWIFT_VERSION = 5.0;
				TARGETED_DEVICE_FAMILY = "1,2";
			};
			name = Release;
		};
		7326BC4F25B0B3C200229E66 /* Debug */ = {
			isa = XCBuildConfiguration;
			buildSettings = {
				ALWAYS_EMBED_SWIFT_STANDARD_LIBRARIES = YES;
				BUNDLE_LOADER = "$(TEST_HOST)";
				CODE_SIGN_STYLE = Automatic;
				DEVELOPMENT_TEAM = 9F26XL4W94;
				INFOPLIST_FILE = FlickrSearchTests/Info.plist;
				IPHONEOS_DEPLOYMENT_TARGET = 14.3;
				LD_RUNPATH_SEARCH_PATHS = (
					"$(inherited)",
					"@executable_path/Frameworks",
					"@loader_path/Frameworks",
				);
				PRODUCT_BUNDLE_IDENTIFIER = com.villou.FlickrSearchTests;
				PRODUCT_NAME = "$(TARGET_NAME)";
				SWIFT_VERSION = 5.0;
				TARGETED_DEVICE_FAMILY = "1,2";
				TEST_HOST = "$(BUILT_PRODUCTS_DIR)/FlickrSearch.app/FlickrSearch";
			};
			name = Debug;
		};
		7326BC5025B0B3C200229E66 /* Release */ = {
			isa = XCBuildConfiguration;
			buildSettings = {
				ALWAYS_EMBED_SWIFT_STANDARD_LIBRARIES = YES;
				BUNDLE_LOADER = "$(TEST_HOST)";
				CODE_SIGN_STYLE = Automatic;
				DEVELOPMENT_TEAM = 9F26XL4W94;
				INFOPLIST_FILE = FlickrSearchTests/Info.plist;
				IPHONEOS_DEPLOYMENT_TARGET = 14.3;
				LD_RUNPATH_SEARCH_PATHS = (
					"$(inherited)",
					"@executable_path/Frameworks",
					"@loader_path/Frameworks",
				);
				PRODUCT_BUNDLE_IDENTIFIER = com.villou.FlickrSearchTests;
				PRODUCT_NAME = "$(TARGET_NAME)";
				SWIFT_VERSION = 5.0;
				TARGETED_DEVICE_FAMILY = "1,2";
				TEST_HOST = "$(BUILT_PRODUCTS_DIR)/FlickrSearch.app/FlickrSearch";
			};
			name = Release;
		};
		7326BC5225B0B3C200229E66 /* Debug */ = {
			isa = XCBuildConfiguration;
			buildSettings = {
				ALWAYS_EMBED_SWIFT_STANDARD_LIBRARIES = YES;
				CODE_SIGN_STYLE = Automatic;
				DEVELOPMENT_TEAM = 9F26XL4W94;
				INFOPLIST_FILE = FlickrSearchUITests/Info.plist;
				LD_RUNPATH_SEARCH_PATHS = (
					"$(inherited)",
					"@executable_path/Frameworks",
					"@loader_path/Frameworks",
				);
				PRODUCT_BUNDLE_IDENTIFIER = com.villou.FlickrSearchUITests;
				PRODUCT_NAME = "$(TARGET_NAME)";
				SWIFT_VERSION = 5.0;
				TARGETED_DEVICE_FAMILY = "1,2";
				TEST_TARGET_NAME = FlickrSearch;
			};
			name = Debug;
		};
		7326BC5325B0B3C200229E66 /* Release */ = {
			isa = XCBuildConfiguration;
			buildSettings = {
				ALWAYS_EMBED_SWIFT_STANDARD_LIBRARIES = YES;
				CODE_SIGN_STYLE = Automatic;
				DEVELOPMENT_TEAM = 9F26XL4W94;
				INFOPLIST_FILE = FlickrSearchUITests/Info.plist;
				LD_RUNPATH_SEARCH_PATHS = (
					"$(inherited)",
					"@executable_path/Frameworks",
					"@loader_path/Frameworks",
				);
				PRODUCT_BUNDLE_IDENTIFIER = com.villou.FlickrSearchUITests;
				PRODUCT_NAME = "$(TARGET_NAME)";
				SWIFT_VERSION = 5.0;
				TARGETED_DEVICE_FAMILY = "1,2";
				TEST_TARGET_NAME = FlickrSearch;
			};
			name = Release;
		};
/* End XCBuildConfiguration section */

/* Begin XCConfigurationList section */
		7326BC1C25B0B3C000229E66 /* Build configuration list for PBXProject "FlickrSearch" */ = {
			isa = XCConfigurationList;
			buildConfigurations = (
				7326BC4925B0B3C200229E66 /* Debug */,
				7326BC4A25B0B3C200229E66 /* Release */,
			);
			defaultConfigurationIsVisible = 0;
			defaultConfigurationName = Release;
		};
		7326BC4B25B0B3C200229E66 /* Build configuration list for PBXNativeTarget "FlickrSearch" */ = {
			isa = XCConfigurationList;
			buildConfigurations = (
				7326BC4C25B0B3C200229E66 /* Debug */,
				7326BC4D25B0B3C200229E66 /* Release */,
			);
			defaultConfigurationIsVisible = 0;
			defaultConfigurationName = Release;
		};
		7326BC4E25B0B3C200229E66 /* Build configuration list for PBXNativeTarget "FlickrSearchTests" */ = {
			isa = XCConfigurationList;
			buildConfigurations = (
				7326BC4F25B0B3C200229E66 /* Debug */,
				7326BC5025B0B3C200229E66 /* Release */,
			);
			defaultConfigurationIsVisible = 0;
			defaultConfigurationName = Release;
		};
		7326BC5125B0B3C200229E66 /* Build configuration list for PBXNativeTarget "FlickrSearchUITests" */ = {
			isa = XCConfigurationList;
			buildConfigurations = (
				7326BC5225B0B3C200229E66 /* Debug */,
				7326BC5325B0B3C200229E66 /* Release */,
			);
			defaultConfigurationIsVisible = 0;
			defaultConfigurationName = Release;
		};
/* End XCConfigurationList section */
	};
	rootObject = 7326BC1925B0B3C000229E66 /* Project object */;
}
